# THIS IS AN AUTOGENERATED FILE. DO NOT EDIT THIS FILE DIRECTLY.
# yarn lockfile v1


tsc-node@^0.0.3:
  version "0.0.3"
  resolved "https://registry.yarnpkg.com/tsc-node/-/tsc-node-0.0.3.tgz#3e2619907636644b4fc6a3c2d66026f9f665a9da"
  integrity sha512-cCfkuHFGRUS5afZhabC9a8KEY1KD2X85KmXUu20HUUFXzJMHGfUvc6t++sy9p02dAscZsNfxKcUVbFLhTltTcA==
  dependencies:
    typescript "^2.1.5"

typescipt@^1.0.0:
  version "1.0.0"
  resolved "https://registry.yarnpkg.com/typescipt/-/typescipt-1.0.0.tgz#bbe7ca742d5e6fc2e3e44ad10d461fe59211f6a5"
  integrity sha512-Rgg7DtWh0c0oJPz2p48B0hlINIkE5zxU5i+dGctkoiKjIu6twl0HXWzoy+mvp9bQfLJGx70zYuN6GK0S/x5Kxw==

typescript@^2.1.5:
  version "2.9.2"
  resolved "https://registry.yarnpkg.com/typescript/-/typescript-2.9.2.tgz#1cbf61d05d6b96269244eb6a3bce4bd914e0f00c"
  integrity sha512-Gr4p6nFNaoufRIY4NMdpQRNmgxVIGMs4Fcu/ujdYk3nAZqk7supzBE9idmvfZIlH/Cuj//dvi+019qEue9lV0w==
